
Microsoft Visual Studio Solution File, Format Version 12.00
# Visual Studio Version 16
VisualStudioVersion = 16.0.32228.343
MinimumVisualStudioVersion = 10.0.40219.1
Project("{9A19103F-16F7-4668-BE54-9A1E7A4F7556}") = "DB_Example", "DB_Example\DB_Example.csproj", "{3A130496-9C43-4F74-8552-E824C4DA9E1D}"
EndProject
Project("{9A19103F-16F7-4668-BE54-9A1E7A4F7556}") = "EntityFrameworkExample", "EntityFrameworkExample\EntityFrameworkExample.csproj", "{B0EC2C9C-869D-44D7-B135-0DC3D6B1C04F}"
EndProject
Project("{9A19103F-16F7-4668-BE54-9A1E7A4F7556}") = "Common", "Common\Common.csproj", "{61230DDE-41A2-4214-828E-4629781110D1}"
EndProject
Project("{9A19103F-16F7-4668-BE54-9A1E7A4F7556}") = "DapperExample", "DapperExample\DapperExample.csproj", "{85C455A6-3C49-4698-8185-5657858BEEAA}"
EndProject
Project("{2150E333-8FDC-42A3-9474-1A3956D46DE8}") = "Solution Items", "Solution Items", "{B3F7E3CD-E1D7-41DE-9DD4-A23F093F17FD}"
	ProjectSection(SolutionItems) = preProject
		Result.txt = Result.txt
	EndProjectSection
EndProject
Global
	GlobalSection(SolutionConfigurationPlatforms) = preSolution
		Debug|Any CPU = Debug|Any CPU
		Release|Any CPU = Release|Any CPU
	EndGlobalSection
	GlobalSection(ProjectConfigurationPlatforms) = postSolution
		{3A130496-9C43-4F74-8552-E824C4DA9E1D}.Debug|Any CPU.ActiveCfg = Debug|Any CPU
		{3A130496-9C43-4F74-8552-E824C4DA9E1D}.Debug|Any CPU.Build.0 = Debug|Any CPU
		{3A130496-9C43-4F74-8552-E824C4DA9E1D}.Release|Any CPU.ActiveCfg = Release|Any CPU
		{3A130496-9C43-4F74-8552-E824C4DA9E1D}.Release|Any CPU.Build.0 = Release|Any CPU
		{B0EC2C9C-869D-44D7-B135-0DC3D6B1C04F}.Debug|Any CPU.ActiveCfg = Debug|Any CPU
		{B0EC2C9C-869D-44D7-B135-0DC3D6B1C04F}.Debug|Any CPU.Build.0 = Debug|Any CPU
		{B0EC2C9C-869D-44D7-B135-0DC3D6B1C04F}.Release|Any CPU.ActiveCfg = Release|Any CPU
		{B0EC2C9C-869D-44D7-B135-0DC3D6B1C04F}.Release|Any CPU.Build.0 = Release|Any CPU
		{61230DDE-41A2-4214-828E-4629781110D1}.Debug|Any CPU.ActiveCfg = Debug|Any CPU
		{61230DDE-41A2-4214-828E-4629781110D1}.Debug|Any CPU.Build.0 = Debug|Any CPU
		{61230DDE-41A2-4214-828E-4629781110D1}.Release|Any CPU.ActiveCfg = Release|Any CPU
		{61230DDE-41A2-4214-828E-4629781110D1}.Release|Any CPU.Build.0 = Release|Any CPU
		{85C455A6-3C49-4698-8185-5657858BEEAA}.Debug|Any CPU.ActiveCfg = Debug|Any CPU
		{85C455A6-3C49-4698-8185-5657858BEEAA}.Debug|Any CPU.Build.0 = Debug|Any CPU
		{85C455A6-3C49-4698-8185-5657858BEEAA}.Release|Any CPU.ActiveCfg = Release|Any CPU
		{85C455A6-3C49-4698-8185-5657858BEEAA}.Release|Any CPU.Build.0 = Release|Any CPU
	EndGlobalSection
	GlobalSection(SolutionProperties) = preSolution
		HideSolutionNode = FALSE
	EndGlobalSection
	GlobalSection(ExtensibilityGlobals) = postSolution
		SolutionGuid = {A080D2FC-9E30-414B-95D0-86313775279D}
	EndGlobalSection
EndGlobal
